// !$*UTF8*$!
{
	archiveVersion = 1;
	classes = {
	};
	objectVersion = 46;
	objects = {

/* Begin PBXBuildFile section */
		8C51A1B319186E630078D4A9 /* Foundation.framework in Frameworks */ = {isa = PBXBuildFile; fileRef = 8C51A1B219186E630078D4A9 /* Foundation.framework */; };
		8C51A1B519186E630078D4A9 /* CoreGraphics.framework in Frameworks */ = {isa = PBXBuildFile; fileRef = 8C51A1B419186E630078D4A9 /* CoreGraphics.framework */; };
		8C51A1B719186E630078D4A9 /* UIKit.framework in Frameworks */ = {isa = PBXBuildFile; fileRef = 8C51A1B619186E630078D4A9 /* UIKit.framework */; };
		8C51A1BD19186E630078D4A9 /* InfoPlist.strings in Resources */ = {isa = PBXBuildFile; fileRef = 8C51A1BB19186E630078D4A9 /* InfoPlist.strings */; };
		8C51A1BF19186E630078D4A9 /* main.m in Sources */ = {isa = PBXBuildFile; fileRef = 8C51A1BE19186E630078D4A9 /* main.m */; };
		8C51A1C319186E630078D4A9 /* AppDelegate.m in Sources */ = {isa = PBXBuildFile; fileRef = 8C51A1C219186E630078D4A9 /* AppDelegate.m */; };
		8C51A1C619186E630078D4A9 /* Main.storyboard in Resources */ = {isa = PBXBuildFile; fileRef = 8C51A1C419186E630078D4A9 /* Main.storyboard */; };
		8C51A1C919186E630078D4A9 /* ViewController.m in Sources */ = {isa = PBXBuildFile; fileRef = 8C51A1C819186E630078D4A9 /* ViewController.m */; };
		8C51A1CB19186E630078D4A9 /* Images.xcassets in Resources */ = {isa = PBXBuildFile; fileRef = 8C51A1CA19186E630078D4A9 /* Images.xcassets */; };
		8C51A1D219186E630078D4A9 /* XCTest.framework in Frameworks */ = {isa = PBXBuildFile; fileRef = 8C51A1D119186E630078D4A9 /* XCTest.framework */; };
		8C51A1D319186E630078D4A9 /* Foundation.framework in Frameworks */ = {isa = PBXBuildFile; fileRef = 8C51A1B219186E630078D4A9 /* Foundation.framework */; };
		8C51A1D419186E630078D4A9 /* UIKit.framework in Frameworks */ = {isa = PBXBuildFile; fileRef = 8C51A1B619186E630078D4A9 /* UIKit.framework */; };
		8C51A1DC19186E630078D4A9 /* InfoPlist.strings in Resources */ = {isa = PBXBuildFile; fileRef = 8C51A1DA19186E630078D4A9 /* InfoPlist.strings */; };
		8C51A1DE19186E630078D4A9 /* BlackjackGameTests.m in Sources */ = {isa = PBXBuildFile; fileRef = 8C51A1DD19186E630078D4A9 /* BlackjackGameTests.m */; };
		B4026529191880A5008A76D5 /* closed.png in Resources */ = {isa = PBXBuildFile; fileRef = B40264F4191880A5008A76D5 /* closed.png */; };
		B402652A191880A5008A76D5 /* club01.png in Resources */ = {isa = PBXBuildFile; fileRef = B40264F5191880A5008A76D5 /* club01.png */; };
		B402652B191880A5008A76D5 /* club02.png in Resources */ = {isa = PBXBuildFile; fileRef = B40264F6191880A5008A76D5 /* club02.png */; };
		B402652C191880A5008A76D5 /* club03.png in Resources */ = {isa = PBXBuildFile; fileRef = B40264F7191880A5008A76D5 /* club03.png */; };
		B402652D191880A5008A76D5 /* club04.png in Resources */ = {isa = PBXBuildFile; fileRef = B40264F8191880A5008A76D5 /* club04.png */; };
		B402652E191880A5008A76D5 /* club05.png in Resources */ = {isa = PBXBuildFile; fileRef = B40264F9191880A5008A76D5 /* club05.png */; };
		B402652F191880A5008A76D5 /* club06.png in Resources */ = {isa = PBXBuildFile; fileRef = B40264FA191880A5008A76D5 /* club06.png */; };
		B4026530191880A5008A76D5 /* club07.png in Resources */ = {isa = PBXBuildFile; fileRef = B40264FB191880A5008A76D5 /* club07.png */; };
		B4026531191880A5008A76D5 /* club08.png in Resources */ = {isa = PBXBuildFile; fileRef = B40264FC191880A5008A76D5 /* club08.png */; };
		B4026532191880A5008A76D5 /* club09.png in Resources */ = {isa = PBXBuildFile; fileRef = B40264FD191880A5008A76D5 /* club09.png */; };
		B4026533191880A5008A76D5 /* club10.png in Resources */ = {isa = PBXBuildFile; fileRef = B40264FE191880A5008A76D5 /* club10.png */; };
		B4026534191880A5008A76D5 /* club11.png in Resources */ = {isa = PBXBuildFile; fileRef = B40264FF191880A5008A76D5 /* club11.png */; };
		B4026535191880A5008A76D5 /* club12.png in Resources */ = {isa = PBXBuildFile; fileRef = B4026500191880A5008A76D5 /* club12.png */; };
		B4026536191880A5008A76D5 /* club13.png in Resources */ = {isa = PBXBuildFile; fileRef = B4026501191880A5008A76D5 /* club13.png */; };
		B4026537191880A5008A76D5 /* diamond01.png in Resources */ = {isa = PBXBuildFile; fileRef = B4026502191880A5008A76D5 /* diamond01.png */; };
		B4026538191880A5008A76D5 /* diamond02.png in Resources */ = {isa = PBXBuildFile; fileRef = B4026503191880A5008A76D5 /* diamond02.png */; };
		B4026539191880A5008A76D5 /* diamond03.png in Resources */ = {isa = PBXBuildFile; fileRef = B4026504191880A5008A76D5 /* diamond03.png */; };
		B402653A191880A5008A76D5 /* diamond04.png in Resources */ = {isa = PBXBuildFile; fileRef = B4026505191880A5008A76D5 /* diamond04.png */; };
		B402653B191880A5008A76D5 /* diamond05.png in Resources */ = {isa = PBXBuildFile; fileRef = B4026506191880A5008A76D5 /* diamond05.png */; };
		B402653C191880A5008A76D5 /* diamond06.png in Resources */ = {isa = PBXBuildFile; fileRef = B4026507191880A5008A76D5 /* diamond06.png */; };
		B402653D191880A5008A76D5 /* diamond07.png in Resources */ = {isa = PBXBuildFile; fileRef = B4026508191880A5008A76D5 /* diamond07.png */; };
		B402653E191880A5008A76D5 /* diamond08.png in Resources */ = {isa = PBXBuildFile; fileRef = B4026509191880A5008A76D5 /* diamond08.png */; };
		B402653F191880A5008A76D5 /* diamond09.png in Resources */ = {isa = PBXBuildFile; fileRef = B402650A191880A5008A76D5 /* diamond09.png */; };
		B4026540191880A5008A76D5 /* diamond10.png in Resources */ = {isa = PBXBuildFile; fileRef = B402650B191880A5008A76D5 /* diamond10.png */; };
		B4026541191880A5008A76D5 /* diamond11.png in Resources */ = {isa = PBXBuildFile; fileRef = B402650C191880A5008A76D5 /* diamond11.png */; };
		B4026542191880A5008A76D5 /* diamond12.png in Resources */ = {isa = PBXBuildFile; fileRef = B402650D191880A5008A76D5 /* diamond12.png */; };
		B4026543191880A5008A76D5 /* diamond13.png in Resources */ = {isa = PBXBuildFile; fileRef = B402650E191880A5008A76D5 /* diamond13.png */; };
		B4026544191880A5008A76D5 /* heart01.png in Resources */ = {isa = PBXBuildFile; fileRef = B402650F191880A5008A76D5 /* heart01.png */; };
		B4026545191880A5008A76D5 /* heart02.png in Resources */ = {isa = PBXBuildFile; fileRef = B4026510191880A5008A76D5 /* heart02.png */; };
		B4026546191880A5008A76D5 /* heart03.png in Resources */ = {isa = PBXBuildFile; fileRef = B4026511191880A5008A76D5 /* heart03.png */; };
		B4026547191880A5008A76D5 /* heart04.png in Resources */ = {isa = PBXBuildFile; fileRef = B4026512191880A5008A76D5 /* heart04.png */; };
		B4026548191880A5008A76D5 /* heart05.png in Resources */ = {isa = PBXBuildFile; fileRef = B4026513191880A5008A76D5 /* heart05.png */; };
		B4026549191880A5008A76D5 /* heart06.png in Resources */ = {isa = PBXBuildFile; fileRef = B4026514191880A5008A76D5 /* heart06.png */; };
		B402654A191880A5008A76D5 /* heart07.png in Resources */ = {isa = PBXBuildFile; fileRef = B4026515191880A5008A76D5 /* heart07.png */; };
		B402654B191880A5008A76D5 /* heart08.png in Resources */ = {isa = PBXBuildFile; fileRef = B4026516191880A5008A76D5 /* heart08.png */; };
		B402654C191880A5008A76D5 /* heart09.png in Resources */ = {isa = PBXBuildFile; fileRef = B4026517191880A5008A76D5 /* heart09.png */; };
		B402654D191880A5008A76D5 /* heart10.png in Resources */ = {isa = PBXBuildFile; fileRef = B4026518191880A5008A76D5 /* heart10.png */; };
		B402654E191880A5008A76D5 /* heart11.png in Resources */ = {isa = PBXBuildFile; fileRef = B4026519191880A5008A76D5 /* heart11.png */; };
		B402654F191880A5008A76D5 /* heart12.png in Resources */ = {isa = PBXBuildFile; fileRef = B402651A191880A5008A76D5 /* heart12.png */; };
		B4026550191880A5008A76D5 /* heart13.png in Resources */ = {isa = PBXBuildFile; fileRef = B402651B191880A5008A76D5 /* heart13.png */; };
		B4026551191880A5008A76D5 /* spade01.png in Resources */ = {isa = PBXBuildFile; fileRef = B402651C191880A5008A76D5 /* spade01.png */; };
		B4026552191880A5008A76D5 /* spade02.png in Resources */ = {isa = PBXBuildFile; fileRef = B402651D191880A5008A76D5 /* spade02.png */; };
		B4026553191880A5008A76D5 /* spade03.png in Resources */ = {isa = PBXBuildFile; fileRef = B402651E191880A5008A76D5 /* spade03.png */; };
		B4026554191880A5008A76D5 /* spade04.png in Resources */ = {isa = PBXBuildFile; fileRef = B402651F191880A5008A76D5 /* spade04.png */; };
		B4026555191880A5008A76D5 /* spade05.png in Resources */ = {isa = PBXBuildFile; fileRef = B4026520191880A5008A76D5 /* spade05.png */; };
		B4026556191880A5008A76D5 /* spade06.png in Resources */ = {isa = PBXBuildFile; fileRef = B4026521191880A5008A76D5 /* spade06.png */; };
		B4026557191880A5008A76D5 /* spade07.png in Resources */ = {isa = PBXBuildFile; fileRef = B4026522191880A5008A76D5 /* spade07.png */; };
		B4026558191880A5008A76D5 /* spade08.png in Resources */ = {isa = PBXBuildFile; fileRef = B4026523191880A5008A76D5 /* spade08.png */; };
		B4026559191880A5008A76D5 /* spade09.png in Resources */ = {isa = PBXBuildFile; fileRef = B4026524191880A5008A76D5 /* spade09.png */; };
		B402655A191880A5008A76D5 /* spade10.png in Resources */ = {isa = PBXBuildFile; fileRef = B4026525191880A5008A76D5 /* spade10.png */; };
		B402655B191880A5008A76D5 /* spade11.png in Resources */ = {isa = PBXBuildFile; fileRef = B4026526191880A5008A76D5 /* spade11.png */; };
		B402655C191880A5008A76D5 /* spade12.png in Resources */ = {isa = PBXBuildFile; fileRef = B4026527191880A5008A76D5 /* spade12.png */; };
		B402655D191880A5008A76D5 /* spade13.png in Resources */ = {isa = PBXBuildFile; fileRef = B4026528191880A5008A76D5 /* spade13.png */; };
/* End PBXBuildFile section */

/* Begin PBXContainerItemProxy section */
		8C51A1D519186E630078D4A9 /* PBXContainerItemProxy */ = {
			isa = PBXContainerItemProxy;
			containerPortal = 8C51A1A719186E630078D4A9 /* Project object */;
			proxyType = 1;
			remoteGlobalIDString = 8C51A1AE19186E630078D4A9;
			remoteInfo = BlackjackGame;
		};
/* End PBXContainerItemProxy section */

/* Begin PBXFileReference section */
		8C51A1AF19186E630078D4A9 /* BlackjackGame.app */ = {isa = PBXFileReference; explicitFileType = wrapper.application; includeInIndex = 0; path = BlackjackGame.app; sourceTree = BUILT_PRODUCTS_DIR; };
		8C51A1B219186E630078D4A9 /* Foundation.framework */ = {isa = PBXFileReference; lastKnownFileType = wrapper.framework; name = Foundation.framework; path = System/Library/Frameworks/Foundation.framework; sourceTree = SDKROOT; };
		8C51A1B419186E630078D4A9 /* CoreGraphics.framework */ = {isa = PBXFileReference; lastKnownFileType = wrapper.framework; name = CoreGraphics.framework; path = System/Library/Frameworks/CoreGraphics.framework; sourceTree = SDKROOT; };
		8C51A1B619186E630078D4A9 /* UIKit.framework */ = {isa = PBXFileReference; lastKnownFileType = wrapper.framework; name = UIKit.framework; path = System/Library/Frameworks/UIKit.framework; sourceTree = SDKROOT; };
		8C51A1BA19186E630078D4A9 /* BlackjackGame-Info.plist */ = {isa = PBXFileReference; lastKnownFileType = text.plist.xml; path = "BlackjackGame-Info.plist"; sourceTree = "<group>"; };
		8C51A1BC19186E630078D4A9 /* en */ = {isa = PBXFileReference; lastKnownFileType = text.plist.strings; name = en; path = en.lproj/InfoPlist.strings; sourceTree = "<group>"; };
		8C51A1BE19186E630078D4A9 /* main.m */ = {isa = PBXFileReference; lastKnownFileType = sourcecode.c.objc; path = main.m; sourceTree = "<group>"; };
		8C51A1C019186E630078D4A9 /* BlackjackGame-Prefix.pch */ = {isa = PBXFileReference; lastKnownFileType = sourcecode.c.h; path = "BlackjackGame-Prefix.pch"; sourceTree = "<group>"; };
		8C51A1C119186E630078D4A9 /* AppDelegate.h */ = {isa = PBXFileReference; lastKnownFileType = sourcecode.c.h; path = AppDelegate.h; sourceTree = "<group>"; };
		8C51A1C219186E630078D4A9 /* AppDelegate.m */ = {isa = PBXFileReference; lastKnownFileType = sourcecode.c.objc; path = AppDelegate.m; sourceTree = "<group>"; };
		8C51A1C519186E630078D4A9 /* Base */ = {isa = PBXFileReference; lastKnownFileType = file.storyboard; name = Base; path = Base.lproj/Main.storyboard; sourceTree = "<group>"; };
		8C51A1C719186E630078D4A9 /* ViewController.h */ = {isa = PBXFileReference; lastKnownFileType = sourcecode.c.h; path = ViewController.h; sourceTree = "<group>"; };
		8C51A1C819186E630078D4A9 /* ViewController.m */ = {isa = PBXFileReference; lastKnownFileType = sourcecode.c.objc; path = ViewController.m; sourceTree = "<group>"; };
		8C51A1CA19186E630078D4A9 /* Images.xcassets */ = {isa = PBXFileReference; lastKnownFileType = folder.assetcatalog; path = Images.xcassets; sourceTree = "<group>"; };
		8C51A1D019186E630078D4A9 /* BlackjackGameTests.xctest */ = {isa = PBXFileReference; explicitFileType = wrapper.cfbundle; includeInIndex = 0; path = BlackjackGameTests.xctest; sourceTree = BUILT_PRODUCTS_DIR; };
		8C51A1D119186E630078D4A9 /* XCTest.framework */ = {isa = PBXFileReference; lastKnownFileType = wrapper.framework; name = XCTest.framework; path = Library/Frameworks/XCTest.framework; sourceTree = DEVELOPER_DIR; };
		8C51A1D919186E630078D4A9 /* BlackjackGameTests-Info.plist */ = {isa = PBXFileReference; lastKnownFileType = text.plist.xml; path = "BlackjackGameTests-Info.plist"; sourceTree = "<group>"; };
		8C51A1DB19186E630078D4A9 /* en */ = {isa = PBXFileReference; lastKnownFileType = text.plist.strings; name = en; path = en.lproj/InfoPlist.strings; sourceTree = "<group>"; };
		8C51A1DD19186E630078D4A9 /* BlackjackGameTests.m */ = {isa = PBXFileReference; lastKnownFileType = sourcecode.c.objc; path = BlackjackGameTests.m; sourceTree = "<group>"; };
		B40264F4191880A5008A76D5 /* closed.png */ = {isa = PBXFileReference; lastKnownFileType = image.png; path = closed.png; sourceTree = "<group>"; };
		B40264F5191880A5008A76D5 /* club01.png */ = {isa = PBXFileReference; lastKnownFileType = image.png; path = club01.png; sourceTree = "<group>"; };
		B40264F6191880A5008A76D5 /* club02.png */ = {isa = PBXFileReference; lastKnownFileType = image.png; path = club02.png; sourceTree = "<group>"; };
		B40264F7191880A5008A76D5 /* club03.png */ = {isa = PBXFileReference; lastKnownFileType = image.png; path = club03.png; sourceTree = "<group>"; };
		B40264F8191880A5008A76D5 /* club04.png */ = {isa = PBXFileReference; lastKnownFileType = image.png; path = club04.png; sourceTree = "<group>"; };
		B40264F9191880A5008A76D5 /* club05.png */ = {isa = PBXFileReference; lastKnownFileType = image.png; path = club05.png; sourceTree = "<group>"; };
		B40264FA191880A5008A76D5 /* club06.png */ = {isa = PBXFileReference; lastKnownFileType = image.png; path = club06.png; sourceTree = "<group>"; };
		B40264FB191880A5008A76D5 /* club07.png */ = {isa = PBXFileReference; lastKnownFileType = image.png; path = club07.png; sourceTree = "<group>"; };
		B40264FC191880A5008A76D5 /* club08.png */ = {isa = PBXFileReference; lastKnownFileType = image.png; path = club08.png; sourceTree = "<group>"; };
		B40264FD191880A5008A76D5 /* club09.png */ = {isa = PBXFileReference; lastKnownFileType = image.png; path = club09.png; sourceTree = "<group>"; };
		B40264FE191880A5008A76D5 /* club10.png */ = {isa = PBXFileReference; lastKnownFileType = image.png; path = club10.png; sourceTree = "<group>"; };
		B40264FF191880A5008A76D5 /* club11.png */ = {isa = PBXFileReference; lastKnownFileType = image.png; path = club11.png; sourceTree = "<group>"; };
		B4026500191880A5008A76D5 /* club12.png */ = {isa = PBXFileReference; lastKnownFileType = image.png; path = club12.png; sourceTree = "<group>"; };
		B4026501191880A5008A76D5 /* club13.png */ = {isa = PBXFileReference; lastKnownFileType = image.png; path = club13.png; sourceTree = "<group>"; };
		B4026502191880A5008A76D5 /* diamond01.png */ = {isa = PBXFileReference; lastKnownFileType = image.png; path = diamond01.png; sourceTree = "<group>"; };
		B4026503191880A5008A76D5 /* diamond02.png */ = {isa = PBXFileReference; lastKnownFileType = image.png; path = diamond02.png; sourceTree = "<group>"; };
		B4026504191880A5008A76D5 /* diamond03.png */ = {isa = PBXFileReference; lastKnownFileType = image.png; path = diamond03.png; sourceTree = "<group>"; };
		B4026505191880A5008A76D5 /* diamond04.png */ = {isa = PBXFileReference; lastKnownFileType = image.png; path = diamond04.png; sourceTree = "<group>"; };
		B4026506191880A5008A76D5 /* diamond05.png */ = {isa = PBXFileReference; lastKnownFileType = image.png; path = diamond05.png; sourceTree = "<group>"; };
		B4026507191880A5008A76D5 /* diamond06.png */ = {isa = PBXFileReference; lastKnownFileType = image.png; path = diamond06.png; sourceTree = "<group>"; };
		B4026508191880A5008A76D5 /* diamond07.png */ = {isa = PBXFileReference; lastKnownFileType = image.png; path = diamond07.png; sourceTree = "<group>"; };
		B4026509191880A5008A76D5 /* diamond08.png */ = {isa = PBXFileReference; lastKnownFileType = image.png; path = diamond08.png; sourceTree = "<group>"; };
		B402650A191880A5008A76D5 /* diamond09.png */ = {isa = PBXFileReference; lastKnownFileType = image.png; path = diamond09.png; sourceTree = "<group>"; };
		B402650B191880A5008A76D5 /* diamond10.png */ = {isa = PBXFileReference; lastKnownFileType = image.png; path = diamond10.png; sourceTree = "<group>"; };
		B402650C191880A5008A76D5 /* diamond11.png */ = {isa = PBXFileReference; lastKnownFileType = image.png; path = diamond11.png; sourceTree = "<group>"; };
		B402650D191880A5008A76D5 /* diamond12.png */ = {isa = PBXFileReference; lastKnownFileType = image.png; path = diamond12.png; sourceTree = "<group>"; };
		B402650E191880A5008A76D5 /* diamond13.png */ = {isa = PBXFileReference; lastKnownFileType = image.png; path = diamond13.png; sourceTree = "<group>"; };
		B402650F191880A5008A76D5 /* heart01.png */ = {isa = PBXFileReference; lastKnownFileType = image.png; path = heart01.png; sourceTree = "<group>"; };
		B4026510191880A5008A76D5 /* heart02.png */ = {isa = PBXFileReference; lastKnownFileType = image.png; path = heart02.png; sourceTree = "<group>"; };
		B4026511191880A5008A76D5 /* heart03.png */ = {isa = PBXFileReference; lastKnownFileType = image.png; path = heart03.png; sourceTree = "<group>"; };
		B4026512191880A5008A76D5 /* heart04.png */ = {isa = PBXFileReference; lastKnownFileType = image.png; path = heart04.png; sourceTree = "<group>"; };
		B4026513191880A5008A76D5 /* heart05.png */ = {isa = PBXFileReference; lastKnownFileType = image.png; path = heart05.png; sourceTree = "<group>"; };
		B4026514191880A5008A76D5 /* heart06.png */ = {isa = PBXFileReference; lastKnownFileType = image.png; path = heart06.png; sourceTree = "<group>"; };
		B4026515191880A5008A76D5 /* heart07.png */ = {isa = PBXFileReference; lastKnownFileType = image.png; path = heart07.png; sourceTree = "<group>"; };
		B4026516191880A5008A76D5 /* heart08.png */ = {isa = PBXFileReference; lastKnownFileType = image.png; path = heart08.png; sourceTree = "<group>"; };
		B4026517191880A5008A76D5 /* heart09.png */ = {isa = PBXFileReference; lastKnownFileType = image.png; path = heart09.png; sourceTree = "<group>"; };
		B4026518191880A5008A76D5 /* heart10.png */ = {isa = PBXFileReference; lastKnownFileType = image.png; path = heart10.png; sourceTree = "<group>"; };
		B4026519191880A5008A76D5 /* heart11.png */ = {isa = PBXFileReference; lastKnownFileType = image.png; path = heart11.png; sourceTree = "<group>"; };
		B402651A191880A5008A76D5 /* heart12.png */ = {isa = PBXFileReference; lastKnownFileType = image.png; path = heart12.png; sourceTree = "<group>"; };
		B402651B191880A5008A76D5 /* heart13.png */ = {isa = PBXFileReference; lastKnownFileType = image.png; path = heart13.png; sourceTree = "<group>"; };
		B402651C191880A5008A76D5 /* spade01.png */ = {isa = PBXFileReference; lastKnownFileType = image.png; path = spade01.png; sourceTree = "<group>"; };
		B402651D191880A5008A76D5 /* spade02.png */ = {isa = PBXFileReference; lastKnownFileType = image.png; path = spade02.png; sourceTree = "<group>"; };
		B402651E191880A5008A76D5 /* spade03.png */ = {isa = PBXFileReference; lastKnownFileType = image.png; path = spade03.png; sourceTree = "<group>"; };
		B402651F191880A5008A76D5 /* spade04.png */ = {isa = PBXFileReference; lastKnownFileType = image.png; path = spade04.png; sourceTree = "<group>"; };
		B4026520191880A5008A76D5 /* spade05.png */ = {isa = PBXFileReference; lastKnownFileType = image.png; path = spade05.png; sourceTree = "<group>"; };
		B4026521191880A5008A76D5 /* spade06.png */ = {isa = PBXFileReference; lastKnownFileType = image.png; path = spade06.png; sourceTree = "<group>"; };
		B4026522191880A5008A76D5 /* spade07.png */ = {isa = PBXFileReference; lastKnownFileType = image.png; path = spade07.png; sourceTree = "<group>"; };
		B4026523191880A5008A76D5 /* spade08.png */ = {isa = PBXFileReference; lastKnownFileType = image.png; path = spade08.png; sourceTree = "<group>"; };
		B4026524191880A5008A76D5 /* spade09.png */ = {isa = PBXFileReference; lastKnownFileType = image.png; path = spade09.png; sourceTree = "<group>"; };
		B4026525191880A5008A76D5 /* spade10.png */ = {isa = PBXFileReference; lastKnownFileType = image.png; path = spade10.png; sourceTree = "<group>"; };
		B4026526191880A5008A76D5 /* spade11.png */ = {isa = PBXFileReference; lastKnownFileType = image.png; path = spade11.png; sourceTree = "<group>"; };
		B4026527191880A5008A76D5 /* spade12.png */ = {isa = PBXFileReference; lastKnownFileType = image.png; path = spade12.png; sourceTree = "<group>"; };
		B4026528191880A5008A76D5 /* spade13.png */ = {isa = PBXFileReference; lastKnownFileType = image.png; path = spade13.png; sourceTree = "<group>"; };
/* End PBXFileReference section */

/* Begin PBXFrameworksBuildPhase section */
		8C51A1AC19186E630078D4A9 /* Frameworks */ = {
			isa = PBXFrameworksBuildPhase;
			buildActionMask = 2147483647;
			files = (
				8C51A1B519186E630078D4A9 /* CoreGraphics.framework in Frameworks */,
				8C51A1B719186E630078D4A9 /* UIKit.framework in Frameworks */,
				8C51A1B319186E630078D4A9 /* Foundation.framework in Frameworks */,
			);
			runOnlyForDeploymentPostprocessing = 0;
		};
		8C51A1CD19186E630078D4A9 /* Frameworks */ = {
			isa = PBXFrameworksBuildPhase;
			buildActionMask = 2147483647;
			files = (
				8C51A1D219186E630078D4A9 /* XCTest.framework in Frameworks */,
				8C51A1D419186E630078D4A9 /* UIKit.framework in Frameworks */,
				8C51A1D319186E630078D4A9 /* Foundation.framework in Frameworks */,
			);
			runOnlyForDeploymentPostprocessing = 0;
		};
/* End PBXFrameworksBuildPhase section */

/* Begin PBXGroup section */
		8C51A1A619186E630078D4A9 = {
			isa = PBXGroup;
			children = (
				B40264F31918807D008A76D5 /* Cards */,
				8C51A1B819186E630078D4A9 /* BlackjackGame */,
				8C51A1D719186E630078D4A9 /* BlackjackGameTests */,
				8C51A1B119186E630078D4A9 /* Frameworks */,
				8C51A1B019186E630078D4A9 /* Products */,
			);
			sourceTree = "<group>";
		};
		8C51A1B019186E630078D4A9 /* Products */ = {
			isa = PBXGroup;
			children = (
				8C51A1AF19186E630078D4A9 /* BlackjackGame.app */,
				8C51A1D019186E630078D4A9 /* BlackjackGameTests.xctest */,
			);
			name = Products;
			sourceTree = "<group>";
		};
		8C51A1B119186E630078D4A9 /* Frameworks */ = {
			isa = PBXGroup;
			children = (
				8C51A1B219186E630078D4A9 /* Foundation.framework */,
				8C51A1B419186E630078D4A9 /* CoreGraphics.framework */,
				8C51A1B619186E630078D4A9 /* UIKit.framework */,
				8C51A1D119186E630078D4A9 /* XCTest.framework */,
			);
			name = Frameworks;
			sourceTree = "<group>";
		};
		8C51A1B819186E630078D4A9 /* BlackjackGame */ = {
			isa = PBXGroup;
			children = (
				8C51A1C119186E630078D4A9 /* AppDelegate.h */,
				8C51A1C219186E630078D4A9 /* AppDelegate.m */,
				8C51A1C419186E630078D4A9 /* Main.storyboard */,
				8C51A1C719186E630078D4A9 /* ViewController.h */,
				8C51A1C819186E630078D4A9 /* ViewController.m */,
				8C51A1CA19186E630078D4A9 /* Images.xcassets */,
				8C51A1B919186E630078D4A9 /* Supporting Files */,
			);
			path = BlackjackGame;
			sourceTree = "<group>";
		};
		8C51A1B919186E630078D4A9 /* Supporting Files */ = {
			isa = PBXGroup;
			children = (
				8C51A1BA19186E630078D4A9 /* BlackjackGame-Info.plist */,
				8C51A1BB19186E630078D4A9 /* InfoPlist.strings */,
				8C51A1BE19186E630078D4A9 /* main.m */,
				8C51A1C019186E630078D4A9 /* BlackjackGame-Prefix.pch */,
			);
			name = "Supporting Files";
			sourceTree = "<group>";
		};
		8C51A1D719186E630078D4A9 /* BlackjackGameTests */ = {
			isa = PBXGroup;
			children = (
				8C51A1DD19186E630078D4A9 /* BlackjackGameTests.m */,
				8C51A1D819186E630078D4A9 /* Supporting Files */,
			);
			path = BlackjackGameTests;
			sourceTree = "<group>";
		};
		8C51A1D819186E630078D4A9 /* Supporting Files */ = {
			isa = PBXGroup;
			children = (
				8C51A1D919186E630078D4A9 /* BlackjackGameTests-Info.plist */,
				8C51A1DA19186E630078D4A9 /* InfoPlist.strings */,
			);
			name = "Supporting Files";
			sourceTree = "<group>";
		};
		B40264F31918807D008A76D5 /* Cards */ = {
			isa = PBXGroup;
			children = (
				B40264F4191880A5008A76D5 /* closed.png */,
				B40264F5191880A5008A76D5 /* club01.png */,
				B40264F6191880A5008A76D5 /* club02.png */,
				B40264F7191880A5008A76D5 /* club03.png */,
				B40264F8191880A5008A76D5 /* club04.png */,
				B40264F9191880A5008A76D5 /* club05.png */,
				B40264FA191880A5008A76D5 /* club06.png */,
				B40264FB191880A5008A76D5 /* club07.png */,
				B40264FC191880A5008A76D5 /* club08.png */,
				B40264FD191880A5008A76D5 /* club09.png */,
				B40264FE191880A5008A76D5 /* club10.png */,
				B40264FF191880A5008A76D5 /* club11.png */,
				B4026500191880A5008A76D5 /* club12.png */,
				B4026501191880A5008A76D5 /* club13.png */,
				B4026502191880A5008A76D5 /* diamond01.png */,
				B4026503191880A5008A76D5 /* diamond02.png */,
				B4026504191880A5008A76D5 /* diamond03.png */,
				B4026505191880A5008A76D5 /* diamond04.png */,
				B4026506191880A5008A76D5 /* diamond05.png */,
				B4026507191880A5008A76D5 /* diamond06.png */,
				B4026508191880A5008A76D5 /* diamond07.png */,
				B4026509191880A5008A76D5 /* diamond08.png */,
				B402650A191880A5008A76D5 /* diamond09.png */,
				B402650B191880A5008A76D5 /* diamond10.png */,
				B402650C191880A5008A76D5 /* diamond11.png */,
				B402650D191880A5008A76D5 /* diamond12.png */,
				B402650E191880A5008A76D5 /* diamond13.png */,
				B402650F191880A5008A76D5 /* heart01.png */,
				B4026510191880A5008A76D5 /* heart02.png */,
				B4026511191880A5008A76D5 /* heart03.png */,
				B4026512191880A5008A76D5 /* heart04.png */,
				B4026513191880A5008A76D5 /* heart05.png */,
				B4026514191880A5008A76D5 /* heart06.png */,
				B4026515191880A5008A76D5 /* heart07.png */,
				B4026516191880A5008A76D5 /* heart08.png */,
				B4026517191880A5008A76D5 /* heart09.png */,
				B4026518191880A5008A76D5 /* heart10.png */,
				B4026519191880A5008A76D5 /* heart11.png */,
				B402651A191880A5008A76D5 /* heart12.png */,
				B402651B191880A5008A76D5 /* heart13.png */,
				B402651C191880A5008A76D5 /* spade01.png */,
				B402651D191880A5008A76D5 /* spade02.png */,
				B402651E191880A5008A76D5 /* spade03.png */,
				B402651F191880A5008A76D5 /* spade04.png */,
				B4026520191880A5008A76D5 /* spade05.png */,
				B4026521191880A5008A76D5 /* spade06.png */,
				B4026522191880A5008A76D5 /* spade07.png */,
				B4026523191880A5008A76D5 /* spade08.png */,
				B4026524191880A5008A76D5 /* spade09.png */,
				B4026525191880A5008A76D5 /* spade10.png */,
				B4026526191880A5008A76D5 /* spade11.png */,
				B4026527191880A5008A76D5 /* spade12.png */,
				B4026528191880A5008A76D5 /* spade13.png */,
			);
			name = Cards;
			sourceTree = "<group>";
		};
/* End PBXGroup section */

/* Begin PBXNativeTarget section */
		8C51A1AE19186E630078D4A9 /* BlackjackGame */ = {
			isa = PBXNativeTarget;
			buildConfigurationList = 8C51A1E119186E630078D4A9 /* Build configuration list for PBXNativeTarget "BlackjackGame" */;
			buildPhases = (
				8C51A1AB19186E630078D4A9 /* Sources */,
				8C51A1AC19186E630078D4A9 /* Frameworks */,
				8C51A1AD19186E630078D4A9 /* Resources */,
			);
			buildRules = (
			);
			dependencies = (
			);
			name = BlackjackGame;
			productName = BlackjackGame;
			productReference = 8C51A1AF19186E630078D4A9 /* BlackjackGame.app */;
			productType = "com.apple.product-type.application";
		};
		8C51A1CF19186E630078D4A9 /* BlackjackGameTests */ = {
			isa = PBXNativeTarget;
			buildConfigurationList = 8C51A1E419186E630078D4A9 /* Build configuration list for PBXNativeTarget "BlackjackGameTests" */;
			buildPhases = (
				8C51A1CC19186E630078D4A9 /* Sources */,
				8C51A1CD19186E630078D4A9 /* Frameworks */,
				8C51A1CE19186E630078D4A9 /* Resources */,
			);
			buildRules = (
			);
			dependencies = (
				8C51A1D619186E630078D4A9 /* PBXTargetDependency */,
			);
			name = BlackjackGameTests;
			productName = BlackjackGameTests;
			productReference = 8C51A1D019186E630078D4A9 /* BlackjackGameTests.xctest */;
			productType = "com.apple.product-type.bundle.unit-test";
		};
/* End PBXNativeTarget section */

/* Begin PBXProject section */
		8C51A1A719186E630078D4A9 /* Project object */ = {
			isa = PBXProject;
			attributes = {
				LastUpgradeCheck = 0510;
				ORGANIZATIONNAME = "Shaver, Brandon L";
				TargetAttributes = {
					8C51A1CF19186E630078D4A9 = {
						TestTargetID = 8C51A1AE19186E630078D4A9;
					};
				};
			};
			buildConfigurationList = 8C51A1AA19186E630078D4A9 /* Build configuration list for PBXProject "BlackjackGame" */;
			compatibilityVersion = "Xcode 3.2";
			developmentRegion = English;
			hasScannedForEncodings = 0;
			knownRegions = (
				en,
				Base,
			);
			mainGroup = 8C51A1A619186E630078D4A9;
			productRefGroup = 8C51A1B019186E630078D4A9 /* Products */;
			projectDirPath = "";
			projectRoot = "";
			targets = (
				8C51A1AE19186E630078D4A9 /* BlackjackGame */,
				8C51A1CF19186E630078D4A9 /* BlackjackGameTests */,
			);
		};
/* End PBXProject section */

/* Begin PBXResourcesBuildPhase section */
		8C51A1AD19186E630078D4A9 /* Resources */ = {
			isa = PBXResourcesBuildPhase;
			buildActionMask = 2147483647;
			files = (
				B4026555191880A5008A76D5 /* spade05.png in Resources */,
				B402655A191880A5008A76D5 /* spade10.png in Resources */,
				8C51A1CB19186E630078D4A9 /* Images.xcassets in Resources */,
				B4026536191880A5008A76D5 /* club13.png in Resources */,
				B4026548191880A5008A76D5 /* heart05.png in Resources */,
				B402654A191880A5008A76D5 /* heart07.png in Resources */,
				B4026542191880A5008A76D5 /* diamond12.png in Resources */,
				8C51A1BD19186E630078D4A9 /* InfoPlist.strings in Resources */,
				B4026539191880A5008A76D5 /* diamond03.png in Resources */,
				B4026559191880A5008A76D5 /* spade09.png in Resources */,
				B402653A191880A5008A76D5 /* diamond04.png in Resources */,
				8C51A1C619186E630078D4A9 /* Main.storyboard in Resources */,
				B402652F191880A5008A76D5 /* club06.png in Resources */,
				B402654B191880A5008A76D5 /* heart08.png in Resources */,
				B402653F191880A5008A76D5 /* diamond09.png in Resources */,
				B402652C191880A5008A76D5 /* club03.png in Resources */,
				B4026557191880A5008A76D5 /* spade07.png in Resources */,
				B4026530191880A5008A76D5 /* club07.png in Resources */,
				B4026549191880A5008A76D5 /* heart06.png in Resources */,
				B402654F191880A5008A76D5 /* heart12.png in Resources */,
				B4026537191880A5008A76D5 /* diamond01.png in Resources */,
				B4026547191880A5008A76D5 /* heart04.png in Resources */,
				B4026535191880A5008A76D5 /* club12.png in Resources */,
				B402652A191880A5008A76D5 /* club01.png in Resources */,
				B4026540191880A5008A76D5 /* diamond10.png in Resources */,
				B4026529191880A5008A76D5 /* closed.png in Resources */,
				B402653E191880A5008A76D5 /* diamond08.png in Resources */,
				B402655B191880A5008A76D5 /* spade11.png in Resources */,
				B4026533191880A5008A76D5 /* club10.png in Resources */,
				B4026554191880A5008A76D5 /* spade04.png in Resources */,
				B4026551191880A5008A76D5 /* spade01.png in Resources */,
				B4026544191880A5008A76D5 /* heart01.png in Resources */,
				B402652B191880A5008A76D5 /* club02.png in Resources */,
				B4026545191880A5008A76D5 /* heart02.png in Resources */,
				B402652D191880A5008A76D5 /* club04.png in Resources */,
				B402654C191880A5008A76D5 /* heart09.png in Resources */,
				B4026553191880A5008A76D5 /* spade03.png in Resources */,
				B402652E191880A5008A76D5 /* club05.png in Resources */,
				B402653B191880A5008A76D5 /* diamond05.png in Resources */,
				B4026531191880A5008A76D5 /* club08.png in Resources */,
				B4026550191880A5008A76D5 /* heart13.png in Resources */,
				B402653D191880A5008A76D5 /* diamond07.png in Resources */,
				B4026534191880A5008A76D5 /* club11.png in Resources */,
				B4026546191880A5008A76D5 /* heart03.png in Resources */,
				B402653C191880A5008A76D5 /* diamond06.png in Resources */,
				B402654D191880A5008A76D5 /* heart10.png in Resources */,
				B4026556191880A5008A76D5 /* spade06.png in Resources */,
				B402655C191880A5008A76D5 /* spade12.png in Resources */,
				B4026552191880A5008A76D5 /* spade02.png in Resources */,
				B4026558191880A5008A76D5 /* spade08.png in Resources */,
				B4026538191880A5008A76D5 /* diamond02.png in Resources */,
				B4026541191880A5008A76D5 /* diamond11.png in Resources */,
				B402654E191880A5008A76D5 /* heart11.png in Resources */,
				B4026543191880A5008A76D5 /* diamond13.png in Resources */,
				B4026532191880A5008A76D5 /* club09.png in Resources */,
				B402655D191880A5008A76D5 /* spade13.png in Resources */,
			);
			runOnlyForDeploymentPostprocessing = 0;
		};
		8C51A1CE19186E630078D4A9 /* Resources */ = {
			isa = PBXResourcesBuildPhase;
			buildActionMask = 2147483647;
			files = (
				8C51A1DC19186E630078D4A9 /* InfoPlist.strings in Resources */,
			);
			runOnlyForDeploymentPostprocessing = 0;
		};
/* End PBXResourcesBuildPhase section */

/* Begin PBXSourcesBuildPhase section */
		8C51A1AB19186E630078D4A9 /* Sources */ = {
			isa = PBXSourcesBuildPhase;
			buildActionMask = 2147483647;
			files = (
				8C51A1C919186E630078D4A9 /* ViewController.m in Sources */,
				8C51A1C319186E630078D4A9 /* AppDelegate.m in Sources */,
				8C51A1BF19186E630078D4A9 /* main.m in Sources */,
			);
			runOnlyForDeploymentPostprocessing = 0;
		};
		8C51A1CC19186E630078D4A9 /* Sources */ = {
			isa = PBXSourcesBuildPhase;
			buildActionMask = 2147483647;
			files = (
				8C51A1DE19186E630078D4A9 /* BlackjackGameTests.m in Sources */,
			);
			runOnlyForDeploymentPostprocessing = 0;
		};
/* End PBXSourcesBuildPhase section */

/* Begin PBXTargetDependency section */
		8C51A1D619186E630078D4A9 /* PBXTargetDependency */ = {
			isa = PBXTargetDependency;
			target = 8C51A1AE19186E630078D4A9 /* BlackjackGame */;
			targetProxy = 8C51A1D519186E630078D4A9 /* PBXContainerItemProxy */;
		};
/* End PBXTargetDependency section */

/* Begin PBXVariantGroup section */
		8C51A1BB19186E630078D4A9 /* InfoPlist.strings */ = {
			isa = PBXVariantGroup;
			children = (
				8C51A1BC19186E630078D4A9 /* en */,
			);
			name = InfoPlist.strings;
			sourceTree = "<group>";
		};
		8C51A1C419186E630078D4A9 /* Main.storyboard */ = {
			isa = PBXVariantGroup;
			children = (
				8C51A1C519186E630078D4A9 /* Base */,
			);
			name = Main.storyboard;
			sourceTree = "<group>";
		};
		8C51A1DA19186E630078D4A9 /* InfoPlist.strings */ = {
			isa = PBXVariantGroup;
			children = (
				8C51A1DB19186E630078D4A9 /* en */,
			);
			name = InfoPlist.strings;
			sourceTree = "<group>";
		};
/* End PBXVariantGroup section */

/* Begin XCBuildConfiguration section */
		8C51A1DF19186E630078D4A9 /* Debug */ = {
			isa = XCBuildConfiguration;
			buildSettings = {
				ALWAYS_SEARCH_USER_PATHS = NO;
				CLANG_CXX_LANGUAGE_STANDARD = "gnu++0x";
				CLANG_CXX_LIBRARY = "libc++";
				CLANG_ENABLE_MODULES = YES;
				CLANG_ENABLE_OBJC_ARC = YES;
				CLANG_WARN_BOOL_CONVERSION = YES;
				CLANG_WARN_CONSTANT_CONVERSION = YES;
				CLANG_WARN_DIRECT_OBJC_ISA_USAGE = YES_ERROR;
				CLANG_WARN_EMPTY_BODY = YES;
				CLANG_WARN_ENUM_CONVERSION = YES;
				CLANG_WARN_INT_CONVERSION = YES;
				CLANG_WARN_OBJC_ROOT_CLASS = YES_ERROR;
				CLANG_WARN__DUPLICATE_METHOD_MATCH = YES;
				"CODE_SIGN_IDENTITY[sdk=iphoneos*]" = "iPhone Developer";
				COPY_PHASE_STRIP = NO;
				GCC_C_LANGUAGE_STANDARD = gnu99;
				GCC_DYNAMIC_NO_PIC = NO;
				GCC_OPTIMIZATION_LEVEL = 0;
				GCC_PREPROCESSOR_DEFINITIONS = (
					"DEBUG=1",
					"$(inherited)",
				);
				GCC_SYMBOLS_PRIVATE_EXTERN = NO;
				GCC_WARN_64_TO_32_BIT_CONVERSION = YES;
				GCC_WARN_ABOUT_RETURN_TYPE = YES_ERROR;
				GCC_WARN_UNDECLARED_SELECTOR = YES;
				GCC_WARN_UNINITIALIZED_AUTOS = YES_AGGRESSIVE;
				GCC_WARN_UNUSED_FUNCTION = YES;
				GCC_WARN_UNUSED_VARIABLE = YES;
				IPHONEOS_DEPLOYMENT_TARGET = 7.1;
				ONLY_ACTIVE_ARCH = YES;
				SDKROOT = iphoneos;
			};
			name = Debug;
		};
		8C51A1E019186E630078D4A9 /* Release */ = {
			isa = XCBuildConfiguration;
			buildSettings = {
				ALWAYS_SEARCH_USER_PATHS = NO;
				CLANG_CXX_LANGUAGE_STANDARD = "gnu++0x";
				CLANG_CXX_LIBRARY = "libc++";
				CLANG_ENABLE_MODULES = YES;
				CLANG_ENABLE_OBJC_ARC = YES;
				CLANG_WARN_BOOL_CONVERSION = YES;
				CLANG_WARN_CONSTANT_CONVERSION = YES;
				CLANG_WARN_DIRECT_OBJC_ISA_USAGE = YES_ERROR;
				CLANG_WARN_EMPTY_BODY = YES;
				CLANG_WARN_ENUM_CONVERSION = YES;
				CLANG_WARN_INT_CONVERSION = YES;
				CLANG_WARN_OBJC_ROOT_CLASS = YES_ERROR;
				CLANG_WARN__DUPLICATE_METHOD_MATCH = YES;
				"CODE_SIGN_IDENTITY[sdk=iphoneos*]" = "iPhone Developer";
				COPY_PHASE_STRIP = YES;
				ENABLE_NS_ASSERTIONS = NO;
				GCC_C_LANGUAGE_STANDARD = gnu99;
				GCC_WARN_64_TO_32_BIT_CONVERSION = YES;
				GCC_WARN_ABOUT_RETURN_TYPE = YES_ERROR;
				GCC_WARN_UNDECLARED_SELECTOR = YES;
				GCC_WARN_UNINITIALIZED_AUTOS = YES_AGGRESSIVE;
				GCC_WARN_UNUSED_FUNCTION = YES;
				GCC_WARN_UNUSED_VARIABLE = YES;
				IPHONEOS_DEPLOYMENT_TARGET = 7.1;
				SDKROOT = iphoneos;
				VALIDATE_PRODUCT = YES;
			};
			name = Release;
		};
		8C51A1E219186E630078D4A9 /* Debug */ = {
			isa = XCBuildConfiguration;
			buildSettings = {
				ASSETCATALOG_COMPILER_APPICON_NAME = AppIcon;
				ASSETCATALOG_COMPILER_LAUNCHIMAGE_NAME = LaunchImage;
				GCC_PRECOMPILE_PREFIX_HEADER = YES;
				GCC_PREFIX_HEADER = "BlackjackGame/BlackjackGame-Prefix.pch";
				INFOPLIST_FILE = "BlackjackGame/BlackjackGame-Info.plist";
				PRODUCT_NAME = "$(TARGET_NAME)";
				WRAPPER_EXTENSION = app;
			};
			name = Debug;
		};
		8C51A1E319186E630078D4A9 /* Release */ = {
			isa = XCBuildConfiguration;
			buildSettings = {
				ASSETCATALOG_COMPILER_APPICON_NAME = AppIcon;
				ASSETCATALOG_COMPILER_LAUNCHIMAGE_NAME = LaunchImage;
				GCC_PRECOMPILE_PREFIX_HEADER = YES;
				GCC_PREFIX_HEADER = "BlackjackGame/BlackjackGame-Prefix.pch";
				INFOPLIST_FILE = "BlackjackGame/BlackjackGame-Info.plist";
				PRODUCT_NAME = "$(TARGET_NAME)";
				WRAPPER_EXTENSION = app;
			};
			name = Release;
		};
		8C51A1E519186E630078D4A9 /* Debug */ = {
			isa = XCBuildConfiguration;
			buildSettings = {
				BUNDLE_LOADER = "$(BUILT_PRODUCTS_DIR)/BlackjackGame.app/BlackjackGame";
				FRAMEWORK_SEARCH_PATHS = (
					"$(SDKROOT)/Developer/Library/Frameworks",
					"$(inherited)",
					"$(DEVELOPER_FRAMEWORKS_DIR)",
				);
				GCC_PRECOMPILE_PREFIX_HEADER = YES;
				GCC_PREFIX_HEADER = "BlackjackGame/BlackjackGame-Prefix.pch";
				GCC_PREPROCESSOR_DEFINITIONS = (
					"DEBUG=1",
					"$(inherited)",
				);
				INFOPLIST_FILE = "BlackjackGameTests/BlackjackGameTests-Info.plist";
				PRODUCT_NAME = "$(TARGET_NAME)";
				TEST_HOST = "$(BUNDLE_LOADER)";
				WRAPPER_EXTENSION = xctest;
			};
			name = Debug;
		};
		8C51A1E619186E630078D4A9 /* Release */ = {
			isa = XCBuildConfiguration;
			buildSettings = {
				BUNDLE_LOADER = "$(BUILT_PRODUCTS_DIR)/BlackjackGame.app/BlackjackGame";
				FRAMEWORK_SEARCH_PATHS = (
					"$(SDKROOT)/Developer/Library/Frameworks",
					"$(inherited)",
					"$(DEVELOPER_FRAMEWORKS_DIR)",
				);
				GCC_PRECOMPILE_PREFIX_HEADER = YES;
				GCC_PREFIX_HEADER = "BlackjackGame/BlackjackGame-Prefix.pch";
				INFOPLIST_FILE = "BlackjackGameTests/BlackjackGameTests-Info.plist";
				PRODUCT_NAME = "$(TARGET_NAME)";
				TEST_HOST = "$(BUNDLE_LOADER)";
				WRAPPER_EXTENSION = xctest;
			};
			name = Release;
		};
/* End XCBuildConfiguration section */

/* Begin XCConfigurationList section */
		8C51A1AA19186E630078D4A9 /* Build configuration list for PBXProject "BlackjackGame" */ = {
			isa = XCConfigurationList;
			buildConfigurations = (
				8C51A1DF19186E630078D4A9 /* Debug */,
				8C51A1E019186E630078D4A9 /* Release */,
			);
			defaultConfigurationIsVisible = 0;
			defaultConfigurationName = Release;
		};
		8C51A1E119186E630078D4A9 /* Build configuration list for PBXNativeTarget "BlackjackGame" */ = {
			isa = XCConfigurationList;
			buildConfigurations = (
				8C51A1E219186E630078D4A9 /* Debug */,
				8C51A1E319186E630078D4A9 /* Release */,
			);
			defaultConfigurationIsVisible = 0;
			defaultConfigurationName = Release;
		};
		8C51A1E419186E630078D4A9 /* Build configuration list for PBXNativeTarget "BlackjackGameTests" */ = {
			isa = XCConfigurationList;
			buildConfigurations = (
				8C51A1E519186E630078D4A9 /* Debug */,
				8C51A1E619186E630078D4A9 /* Release */,
			);
			defaultConfigurationIsVisible = 0;
			defaultConfigurationName = Release;
		};
/* End XCConfigurationList section */
	};
	rootObject = 8C51A1A719186E630078D4A9 /* Project object */;
}
